
Microsoft Visual Studio Solution File, Format Version 12.00
# Visual Studio Version 16
VisualStudioVersion = 16.0.29326.143
MinimumVisualStudioVersion = 10.0.40219.1
Project("{FAE04EC0-301F-11D3-BF4B-00C04F79EFBC}") = "2D pravaougaoni oblici", "2D pravaougaoni oblici.csproj", "{A2A03AA7-4D3F-40EF-A23E-A336852D26DA}"
EndProject
Global
	GlobalSection(SolutionConfigurationPlatforms) = preSolution
		Debug|Any CPU = Debug|Any CPU
		Release|Any CPU = Release|Any CPU
	EndGlobalSection
	GlobalSection(ProjectConfigurationPlatforms) = postSolution
		{A2A03AA7-4D3F-40EF-A23E-A336852D26DA}.Debug|Any CPU.ActiveCfg = Debug|Any CPU
		{A2A03AA7-4D3F-40EF-A23E-A336852D26DA}.Debug|Any CPU.Build.0 = Debug|Any CPU
		{A2A03AA7-4D3F-40EF-A23E-A336852D26DA}.Release|Any CPU.ActiveCfg = Release|Any CPU
		{A2A03AA7-4D3F-40EF-A23E-A336852D26DA}.Release|Any CPU.Build.0 = Release|Any CPU
	EndGlobalSection
	GlobalSection(SolutionProperties) = preSolution
		HideSolutionNode = FALSE
	EndGlobalSection
	GlobalSection(ExtensibilityGlobals) = postSolution
		SolutionGuid = {392E9509-EA9D-495F-A274-69EBE5764800}
	EndGlobalSection
EndGlobal
